<?xml version="1.0" encoding="utf-8"?>
<Project ToolsVersion="4.0" xmlns="http://schemas.microsoft.com/developer/msbuild/2003">
  <ItemGroup>
    <Filter Include="Source Files">
      <UniqueIdentifier>{4FC737F1-C7A5-4376-A066-2A32D752A2FF}</UniqueIdentifier>
      <Extensions>cpp;c;cc;cxx;def;odl;idl;hpj;bat;asm;asmx</Extensions>
    </Filter>
    <Filter Include="Header Files">
      <UniqueIdentifier>{93995380-89BD-4b04-88EB-625FBE52EBFB}</UniqueIdentifier>
      <Extensions>h;hh;hpp;hxx;hm;inl;inc;xsd</Extensions>
    </Filter>
    <Filter Include="Resource Files">
      <UniqueIdentifier>{67DA6AB6-F800-4c08-8B7A-83BB121AAD01}</UniqueIdentifier>
      <Extensions>rc;ico;cur;bmp;dlg;rc2;rct;bin;rgs;gif;jpg;jpeg;jpe;resx;tiff;tif;png;wav;mfcribbon-ms</Extensions>
    </Filter>
    <Filter Include="Form Files">
      <UniqueIdentifier>{99349809-55BA-4b9d-BF79-8FDBB0286EB3}</UniqueIdentifier>
      <Extensions>ui</Extensions>
    </Filter>
    <Filter Include="Resource Files">
      <UniqueIdentifier>{D9D6E242-F8AF-46E4-B9FD-80ECBC20BA3E}</UniqueIdentifier>
      <Extensions>qrc;*</Extensions>
      <ParseFiles>false</ParseFiles>
    </Filter>
  </ItemGroup>
  <ItemGroup>
    <QtRcc Include="Extractor.qrc">
      <Filter>Resource Files</Filter>
    </QtRcc>
    <QtUic Include="Extractor.ui">
      <Filter>Resource Files</Filter>
    </QtUic>
  </ItemGroup>
  <ItemGroup>
    <ClCompile Include="main.cpp">
      <Filter>Source Files</Filter>
    </ClCompile>
    <ClCompile Include="ExtractorGUI.cpp">
      <Filter>Source Files</Filter>
    </ClCompile>
    <ClCompile Include="TagExtractor.cpp">
      <Filter>Source Files</Filter>
    </ClCompile>
    <ClCompile Include="Items.cpp">
      <Filter>Source Files</Filter>
    </ClCompile>
    <ClCompile Include="InsertDialog.cpp">
      <Filter>Source Files</Filter>
    </ClCompile>
    <ClCompile Include="DicomDictionary.cpp">
      <Filter>Source Files</Filter>
    </ClCompile>
    <ClCompile Include="PNDialog.cpp">
      <Filter>Source Files</Filter>
    </ClCompile>
    <ClCompile Include="LongStringDialog.cpp">
      <Filter>Source Files</Filter>
    </ClCompile>
    <ClCompile Include="ShortStringDialog.cpp">
      <Filter>Source Files</Filter>
    </ClCompile>
    <ClCompile Include="UniqueIdentifierDialog.cpp">
      <Filter>Source Files</Filter>
    </ClCompile>
    <ClCompile Include="DADialog.cpp">
      <Filter>Source Files</Filter>
    </ClCompile>
    <ClCompile Include="TMDialog.cpp">
      <Filter>Source Files</Filter>
    </ClCompile>
    <ClCompile Include="ISDialog.cpp">
      <Filter>Source Files</Filter>
    </ClCompile>
    <ClCompile Include="CSDialog.cpp">
      <Filter>Source Files</Filter>
    </ClCompile>
    <ClCompile Include="DSDialog.cpp">
      <Filter>Source Files</Filter>
    </ClCompile>
    <ClCompile Include="USDialog.cpp">
      <Filter>Source Files</Filter>
    </ClCompile>
    <ClCompile Include="UnsignedShort.cpp">
      <Filter>Source Files</Filter>
    </ClCompile>
    <ClCompile Include="UnsignedShortEdit.cpp">
      <Filter>Source Files</Filter>
    </ClCompile>
    <ClCompile Include="FDdialog.cpp">
      <Filter>Source Files</Filter>
    </ClCompile>
    <ClCompile Include="FDInsertDialog.cpp">
      <Filter>Source Files</Filter>
    </ClCompile>
    <ClCompile Include="FDEditDialog.cpp">
      <Filter>Source Files</Filter>
    </ClCompile>
    <ClCompile Include="ATDialog.cpp">
      <Filter>Source Files</Filter>
    </ClCompile>
    <ClCompile Include="DTDialog.cpp">
      <Filter>Source Files</Filter>
    </ClCompile>
    <ClCompile Include="AS_AE_Dialog.cpp">
      <Filter>Source Files</Filter>
    </ClCompile>
    <ClCompile Include="STDialog.cpp">
      <Filter>Source Files</Filter>
    </ClCompile>
    <ClCompile Include="ULDialog.cpp">
      <Filter>Source Files</Filter>
    </ClCompile>
  </ItemGroup>
  <ItemGroup>
    <QtMoc Include="ExtractorGUI.h">
      <Filter>Header Files</Filter>
    </QtMoc>
    <QtMoc Include="TagExtractor.h">
      <Filter>Header Files</Filter>
    </QtMoc>
    <QtMoc Include="InsertDialog.h">
      <Filter>Header Files</Filter>
    </QtMoc>
    <QtMoc Include="DicomDictionary.h">
      <Filter>Header Files</Filter>
    </QtMoc>
    <QtMoc Include="PNDialog.h">
      <Filter>Header Files</Filter>
    </QtMoc>
    <QtMoc Include="LongStringDialog.h">
      <Filter>Header Files</Filter>
    </QtMoc>
    <QtMoc Include="ShortStringDialog.h">
      <Filter>Header Files</Filter>
    </QtMoc>
    <QtMoc Include="UniqueIdentifierDialog.h">
      <Filter>Header Files</Filter>
    </QtMoc>
    <QtMoc Include="DADialog.h">
      <Filter>Header Files</Filter>
    </QtMoc>
    <QtMoc Include="TMDialog.h">
      <Filter>Header Files</Filter>
    </QtMoc>
    <QtMoc Include="ISDialog.h">
      <Filter>Header Files</Filter>
    </QtMoc>
    <QtMoc Include="CSDialog.h">
      <Filter>Header Files</Filter>
    </QtMoc>
    <QtMoc Include="DSDialog.h">
      <Filter>Header Files</Filter>
    </QtMoc>
    <QtMoc Include="USDialog.h">
      <Filter>Header Files</Filter>
    </QtMoc>
    <QtMoc Include="UnsignedShort.h">
      <Filter>Header Files</Filter>
    </QtMoc>
    <QtMoc Include="UnsignedShortEdit.h">
      <Filter>Header Files</Filter>
    </QtMoc>
    <QtMoc Include="FDdialog.h">
      <Filter>Header Files</Filter>
    </QtMoc>
    <QtMoc Include="FDInsertDialog.h">
      <Filter>Header Files</Filter>
    </QtMoc>
    <QtMoc Include="FDEditDialog.h">
      <Filter>Header Files</Filter>
    </QtMoc>
    <QtMoc Include="ATDialog.h">
      <Filter>Header Files</Filter>
    </QtMoc>
    <QtMoc Include="DTDialog.h">
      <Filter>Header Files</Filter>
    </QtMoc>
    <QtMoc Include="AS_AE_Dialog.h">
      <Filter>Header Files</Filter>
    </QtMoc>
    <QtMoc Include="STDialog.h">
      <Filter>Header Files</Filter>
    </QtMoc>
    <QtMoc Include="ULDialog.h">
      <Filter>Header Files</Filter>
    </QtMoc>
  </ItemGroup>
  <ItemGroup>
    <ClInclude Include="Items.h">
      <Filter>Header Files</Filter>
    </ClInclude>
  </ItemGroup>
  <ItemGroup>
    <QtUic Include="InsertDialog.ui">
      <Filter>Form Files</Filter>
    </QtUic>
    <QtUic Include="DicomDictionary.ui">
      <Filter>Form Files</Filter>
    </QtUic>
    <QtUic Include="PNDialog.ui">
      <Filter>Form Files</Filter>
    </QtUic>
    <QtUic Include="LongStringDialog.ui">
      <Filter>Form Files</Filter>
    </QtUic>
    <QtUic Include="ShortStringDialog.ui">
      <Filter>Form Files</Filter>
    </QtUic>
    <QtUic Include="UniqueIdentifierDialog.ui">
      <Filter>Form Files</Filter>
    </QtUic>
    <QtUic Include="DADialog.ui">
      <Filter>Form Files</Filter>
    </QtUic>
    <QtUic Include="TMDialog.ui">
      <Filter>Form Files</Filter>
    </QtUic>
    <QtUic Include="ISDialog.ui">
      <Filter>Form Files</Filter>
    </QtUic>
    <QtUic Include="CSDialog.ui">
      <Filter>Form Files</Filter>
    </QtUic>
    <QtUic Include="DSDialog.ui">
      <Filter>Form Files</Filter>
    </QtUic>
    <QtUic Include="USDialog.ui">
      <Filter>Form Files</Filter>
    </QtUic>
    <QtUic Include="UnsignedShort.ui">
      <Filter>Form Files</Filter>
    </QtUic>
    <QtUic Include="UnsignedShortEdit.ui">
      <Filter>Form Files</Filter>
    </QtUic>
    <QtUic Include="FDdialog.ui">
      <Filter>Form Files</Filter>
    </QtUic>
    <QtUic Include="FDInsertDialog.ui">
      <Filter>Form Files</Filter>
    </QtUic>
    <QtUic Include="FDEditDialog.ui">
      <Filter>Form Files</Filter>
    </QtUic>
    <QtUic Include="ATDialog.ui">
      <Filter>Form Files</Filter>
    </QtUic>
    <QtUic Include="DTDialog.ui">
      <Filter>Form Files</Filter>
    </QtUic>
    <QtUic Include="AS_AE_Dialog.ui">
      <Filter>Form Files</Filter>
    </QtUic>
    <QtUic Include="STDialog.ui">
      <Filter>Form Files</Filter>
    </QtUic>
    <QtUic Include="ULDialog.ui">
      <Filter>Form Files</Filter>
    </QtUic>
  </ItemGroup>
</Project>